<Solution>
  <Folder Name="/sim/">
    <Project Path="sim/Warband.Run.Tests/Warband.Run.Tests.csproj" />
    <Project Path="sim/Warband.Run/Warband.Run.csproj" />
    <Project Path="sim/Warband.Sim.Tests/Warband.Sim.Tests.csproj" />
    <Project Path="sim/Warband.Sim/Warband.Sim.csproj" />
  </Folder>
</Solution>
